// !$*UTF8*$!
{
	archiveVersion = 1;
	classes = {
	};
	objectVersion = 46;
	objects = {

/* Begin PBXBuildFile section */
		282A82461AFCBED521AFCDF7 /* Pods_Gotham_Weather_Project.framework in Frameworks */ = {isa = PBXBuildFile; fileRef = 8657A09863AC0DA67582C017 /* Pods_Gotham_Weather_Project.framework */; };
		ED414C921F3F03D8008A08DF /* images.xcassets in Resources */ = {isa = PBXBuildFile; fileRef = ED414C911F3F03D8008A08DF /* images.xcassets */; };
		ED9514ED1F42D4E9005725C6 /* ConditionsTableViewController.swift in Sources */ = {isa = PBXBuildFile; fileRef = ED9514EC1F42D4E9005725C6 /* ConditionsTableViewController.swift */; };
		EDE66B851F3BC01C003973F8 /* GoogleService-Info.plist in Resources */ = {isa = PBXBuildFile; fileRef = EDE66B841F3BC01C003973F8 /* GoogleService-Info.plist */; };
		EDF2AAE61F3BBA7900F2DEC5 /* AppDelegate.swift in Sources */ = {isa = PBXBuildFile; fileRef = EDF2AAE51F3BBA7900F2DEC5 /* AppDelegate.swift */; };
		EDF2AAE81F3BBA7900F2DEC5 /* ViewController.swift in Sources */ = {isa = PBXBuildFile; fileRef = EDF2AAE71F3BBA7900F2DEC5 /* ViewController.swift */; };
		EDF2AAEB1F3BBA7900F2DEC5 /* Main.storyboard in Resources */ = {isa = PBXBuildFile; fileRef = EDF2AAE91F3BBA7900F2DEC5 /* Main.storyboard */; };
		EDF2AAF01F3BBA7900F2DEC5 /* LaunchScreen.storyboard in Resources */ = {isa = PBXBuildFile; fileRef = EDF2AAEE1F3BBA7900F2DEC5 /* LaunchScreen.storyboard */; };
/* End PBXBuildFile section */

/* Begin PBXFileReference section */
		53B97AE0231183C5796DDBA7 /* Pods-Gotham Weather Project.release.xcconfig */ = {isa = PBXFileReference; includeInIndex = 1; lastKnownFileType = text.xcconfig; name = "Pods-Gotham Weather Project.release.xcconfig"; path = "Pods/Target Support Files/Pods-Gotham Weather Project/Pods-Gotham Weather Project.release.xcconfig"; sourceTree = "<group>"; };
		8657A09863AC0DA67582C017 /* Pods_Gotham_Weather_Project.framework */ = {isa = PBXFileReference; explicitFileType = wrapper.framework; includeInIndex = 0; path = Pods_Gotham_Weather_Project.framework; sourceTree = BUILT_PRODUCTS_DIR; };
		B31C9D007C6C7FC67E8B5E83 /* Pods-Gotham Weather Project.debug.xcconfig */ = {isa = PBXFileReference; includeInIndex = 1; lastKnownFileType = text.xcconfig; name = "Pods-Gotham Weather Project.debug.xcconfig"; path = "Pods/Target Support Files/Pods-Gotham Weather Project/Pods-Gotham Weather Project.debug.xcconfig"; sourceTree = "<group>"; };
		ED414C911F3F03D8008A08DF /* images.xcassets */ = {isa = PBXFileReference; lastKnownFileType = folder.assetcatalog; path = images.xcassets; sourceTree = "<group>"; };
		ED9514EC1F42D4E9005725C6 /* ConditionsTableViewController.swift */ = {isa = PBXFileReference; fileEncoding = 4; lastKnownFileType = sourcecode.swift; path = ConditionsTableViewController.swift; sourceTree = "<group>"; };
		EDE66B841F3BC01C003973F8 /* GoogleService-Info.plist */ = {isa = PBXFileReference; fileEncoding = 4; lastKnownFileType = text.plist.xml; path = "GoogleService-Info.plist"; sourceTree = "<group>"; };
		EDF2AAE21F3BBA7900F2DEC5 /* Gotham Weather Project.app */ = {isa = PBXFileReference; explicitFileType = wrapper.application; includeInIndex = 0; path = "Gotham Weather Project.app"; sourceTree = BUILT_PRODUCTS_DIR; };
		EDF2AAE51F3BBA7900F2DEC5 /* AppDelegate.swift */ = {isa = PBXFileReference; lastKnownFileType = sourcecode.swift; path = AppDelegate.swift; sourceTree = "<group>"; };
		EDF2AAE71F3BBA7900F2DEC5 /* ViewController.swift */ = {isa = PBXFileReference; lastKnownFileType = sourcecode.swift; path = ViewController.swift; sourceTree = "<group>"; };
		EDF2AAEA1F3BBA7900F2DEC5 /* Base */ = {isa = PBXFileReference; lastKnownFileType = file.storyboard; name = Base; path = Base.lproj/Main.storyboard; sourceTree = "<group>"; };
		EDF2AAEF1F3BBA7900F2DEC5 /* Base */ = {isa = PBXFileReference; lastKnownFileType = file.storyboard; name = Base; path = Base.lproj/LaunchScreen.storyboard; sourceTree = "<group>"; };
		EDF2AAF11F3BBA7900F2DEC5 /* Info.plist */ = {isa = PBXFileReference; lastKnownFileType = text.plist.xml; path = Info.plist; sourceTree = "<group>"; };
/* End PBXFileReference section */

/* Begin PBXFrameworksBuildPhase section */
		EDF2AADF1F3BBA7900F2DEC5 /* Frameworks */ = {
			isa = PBXFrameworksBuildPhase;
			buildActionMask = 2147483647;
			files = (
				282A82461AFCBED521AFCDF7 /* Pods_Gotham_Weather_Project.framework in Frameworks */,
			);
			runOnlyForDeploymentPostprocessing = 0;
		};
/* End PBXFrameworksBuildPhase section */

/* Begin PBXGroup section */
		5EAFAD81C1E2B8973FE31CE1 /* Frameworks */ = {
			isa = PBXGroup;
			children = (
				8657A09863AC0DA67582C017 /* Pods_Gotham_Weather_Project.framework */,
			);
			name = Frameworks;
			sourceTree = "<group>";
		};
		CA2A2673E62B789A2AF96328 /* Pods */ = {
			isa = PBXGroup;
			children = (
				B31C9D007C6C7FC67E8B5E83 /* Pods-Gotham Weather Project.debug.xcconfig */,
				53B97AE0231183C5796DDBA7 /* Pods-Gotham Weather Project.release.xcconfig */,
			);
			name = Pods;
			sourceTree = "<group>";
		};
		EDF2AAD91F3BBA7900F2DEC5 = {
			isa = PBXGroup;
			children = (
				EDF2AAE41F3BBA7900F2DEC5 /* Gotham Weather Project */,
				EDF2AAE31F3BBA7900F2DEC5 /* Products */,
				CA2A2673E62B789A2AF96328 /* Pods */,
				5EAFAD81C1E2B8973FE31CE1 /* Frameworks */,
			);
			sourceTree = "<group>";
		};
		EDF2AAE31F3BBA7900F2DEC5 /* Products */ = {
			isa = PBXGroup;
			children = (
				EDF2AAE21F3BBA7900F2DEC5 /* Gotham Weather Project.app */,
			);
			name = Products;
			sourceTree = "<group>";
		};
		EDF2AAE41F3BBA7900F2DEC5 /* Gotham Weather Project */ = {
			isa = PBXGroup;
			children = (
				EDE66B841F3BC01C003973F8 /* GoogleService-Info.plist */,
				EDF2AAE51F3BBA7900F2DEC5 /* AppDelegate.swift */,
				ED9514EC1F42D4E9005725C6 /* ConditionsTableViewController.swift */,
				EDF2AAE71F3BBA7900F2DEC5 /* ViewController.swift */,
				EDF2AAE91F3BBA7900F2DEC5 /* Main.storyboard */,
				EDF2AAEE1F3BBA7900F2DEC5 /* LaunchScreen.storyboard */,
				EDF2AAF11F3BBA7900F2DEC5 /* Info.plist */,
				ED414C911F3F03D8008A08DF /* images.xcassets */,
			);
			path = "Gotham Weather Project";
			sourceTree = "<group>";
		};
/* End PBXGroup section */

/* Begin PBXNativeTarget section */
		EDF2AAE11F3BBA7900F2DEC5 /* Gotham Weather Project */ = {
			isa = PBXNativeTarget;
			buildConfigurationList = EDF2AAF41F3BBA7900F2DEC5 /* Build configuration list for PBXNativeTarget "Gotham Weather Project" */;
			buildPhases = (
				4EDA82FB03E4861F0CA86D91 /* [CP] Check Pods Manifest.lock */,
				EDF2AADE1F3BBA7900F2DEC5 /* Sources */,
				EDF2AADF1F3BBA7900F2DEC5 /* Frameworks */,
				EDF2AAE01F3BBA7900F2DEC5 /* Resources */,
				5A0040C95138F09348A6FD90 /* [CP] Embed Pods Frameworks */,
				DD6E1DA9B66433D144F472B3 /* [CP] Copy Pods Resources */,
			);
			buildRules = (
			);
			dependencies = (
			);
			name = "Gotham Weather Project";
			productName = "Gotham Weather Project";
			productReference = EDF2AAE21F3BBA7900F2DEC5 /* Gotham Weather Project.app */;
			productType = "com.apple.product-type.application";
		};
/* End PBXNativeTarget section */

/* Begin PBXProject section */
		EDF2AADA1F3BBA7900F2DEC5 /* Project object */ = {
			isa = PBXProject;
			attributes = {
				LastSwiftUpdateCheck = 0830;
				LastUpgradeCheck = 0830;
				ORGANIZATIONNAME = "Jason Chan";
				TargetAttributes = {
					EDF2AAE11F3BBA7900F2DEC5 = {
						CreatedOnToolsVersion = 8.3.3;
						DevelopmentTeam = YTB7DJCBLA;
						ProvisioningStyle = Automatic;
					};
				};
			};
			buildConfigurationList = EDF2AADD1F3BBA7900F2DEC5 /* Build configuration list for PBXProject "Gotham Weather Project" */;
			compatibilityVersion = "Xcode 3.2";
			developmentRegion = English;
			hasScannedForEncodings = 0;
			knownRegions = (
				en,
				Base,
			);
			mainGroup = EDF2AAD91F3BBA7900F2DEC5;
			productRefGroup = EDF2AAE31F3BBA7900F2DEC5 /* Products */;
			projectDirPath = "";
			projectRoot = "";
			targets = (
				EDF2AAE11F3BBA7900F2DEC5 /* Gotham Weather Project */,
			);
		};
/* End PBXProject section */

/* Begin PBXResourcesBuildPhase section */
		EDF2AAE01F3BBA7900F2DEC5 /* Resources */ = {
			isa = PBXResourcesBuildPhase;
			buildActionMask = 2147483647;
			files = (
				EDF2AAF01F3BBA7900F2DEC5 /* LaunchScreen.storyboard in Resources */,
				ED414C921F3F03D8008A08DF /* images.xcassets in Resources */,
				EDE66B851F3BC01C003973F8 /* GoogleService-Info.plist in Resources */,
				EDF2AAEB1F3BBA7900F2DEC5 /* Main.storyboard in Resources */,
			);
			runOnlyForDeploymentPostprocessing = 0;
		};
/* End PBXResourcesBuildPhase section */

/* Begin PBXShellScriptBuildPhase section */
		4EDA82FB03E4861F0CA86D91 /* [CP] Check Pods Manifest.lock */ = {
			isa = PBXShellScriptBuildPhase;
			buildActionMask = 2147483647;
			files = (
			);
			inputPaths = (
			);
			name = "[CP] Check Pods Manifest.lock";
			outputPaths = (
			);
			runOnlyForDeploymentPostprocessing = 0;
			shellPath = /bin/sh;
			shellScript = "diff \"${PODS_ROOT}/../Podfile.lock\" \"${PODS_ROOT}/Manifest.lock\" > /dev/null\nif [ $? != 0 ] ; then\n    # print error to STDERR\n    echo \"error: The sandbox is not in sync with the Podfile.lock. Run 'pod install' or update your CocoaPods installation.\" >&2\n    exit 1\nfi\n";
			showEnvVarsInLog = 0;
		};
		5A0040C95138F09348A6FD90 /* [CP] Embed Pods Frameworks */ = {
			isa = PBXShellScriptBuildPhase;
			buildActionMask = 2147483647;
			files = (
			);
			inputPaths = (
			);
			name = "[CP] Embed Pods Frameworks";
			outputPaths = (
			);
			runOnlyForDeploymentPostprocessing = 0;
			shellPath = /bin/sh;
			shellScript = "\"${SRCROOT}/Pods/Target Support Files/Pods-Gotham Weather Project/Pods-Gotham Weather Project-frameworks.sh\"\n";
			showEnvVarsInLog = 0;
		};
		DD6E1DA9B66433D144F472B3 /* [CP] Copy Pods Resources */ = {
			isa = PBXShellScriptBuildPhase;
			buildActionMask = 2147483647;
			files = (
			);
			inputPaths = (
			);
			name = "[CP] Copy Pods Resources";
			outputPaths = (
			);
			runOnlyForDeploymentPostprocessing = 0;
			shellPath = /bin/sh;
			shellScript = "\"${SRCROOT}/Pods/Target Support Files/Pods-Gotham Weather Project/Pods-Gotham Weather Project-resources.sh\"\n";
			showEnvVarsInLog = 0;
		};
/* End PBXShellScriptBuildPhase section */

/* Begin PBXSourcesBuildPhase section */
		EDF2AADE1F3BBA7900F2DEC5 /* Sources */ = {
			isa = PBXSourcesBuildPhase;
			buildActionMask = 2147483647;
			files = (
				ED9514ED1F42D4E9005725C6 /* ConditionsTableViewController.swift in Sources */,
				EDF2AAE81F3BBA7900F2DEC5 /* ViewController.swift in Sources */,
				EDF2AAE61F3BBA7900F2DEC5 /* AppDelegate.swift in Sources */,
			);
			runOnlyForDeploymentPostprocessing = 0;
		};
/* End PBXSourcesBuildPhase section */

/* Begin PBXVariantGroup section */
		EDF2AAE91F3BBA7900F2DEC5 /* Main.storyboard */ = {
			isa = PBXVariantGroup;
			children = (
				EDF2AAEA1F3BBA7900F2DEC5 /* Base */,
			);
			name = Main.storyboard;
			sourceTree = "<group>";
		};
		EDF2AAEE1F3BBA7900F2DEC5 /* LaunchScreen.storyboard */ = {
			isa = PBXVariantGroup;
			children = (
				EDF2AAEF1F3BBA7900F2DEC5 /* Base */,
			);
			name = LaunchScreen.storyboard;
			sourceTree = "<group>";
		};
/* End PBXVariantGroup section */

/* Begin XCBuildConfiguration section */
		EDF2AAF21F3BBA7900F2DEC5 /* Debug */ = {
			isa = XCBuildConfiguration;
			buildSettings = {
				ALWAYS_SEARCH_USER_PATHS = NO;
				CLANG_ANALYZER_NONNULL = YES;
				CLANG_ANALYZER_NUMBER_OBJECT_CONVERSION = YES_AGGRESSIVE;
				CLANG_CXX_LANGUAGE_STANDARD = "gnu++0x";
				CLANG_CXX_LIBRARY = "libc++";
				CLANG_ENABLE_MODULES = YES;
				CLANG_ENABLE_OBJC_ARC = YES;
				CLANG_WARN_BOOL_CONVERSION = YES;
				CLANG_WARN_CONSTANT_CONVERSION = YES;
				CLANG_WARN_DIRECT_OBJC_ISA_USAGE = YES_ERROR;
				CLANG_WARN_DOCUMENTATION_COMMENTS = YES;
				CLANG_WARN_EMPTY_BODY = YES;
				CLANG_WARN_ENUM_CONVERSION = YES;
				CLANG_WARN_INFINITE_RECURSION = YES;
				CLANG_WARN_INT_CONVERSION = YES;
				CLANG_WARN_OBJC_ROOT_CLASS = YES_ERROR;
				CLANG_WARN_SUSPICIOUS_MOVE = YES;
				CLANG_WARN_UNREACHABLE_CODE = YES;
				CLANG_WARN__DUPLICATE_METHOD_MATCH = YES;
				"CODE_SIGN_IDENTITY[sdk=iphoneos*]" = "iPhone Developer";
				COPY_PHASE_STRIP = NO;
				DEBUG_INFORMATION_FORMAT = dwarf;
				ENABLE_STRICT_OBJC_MSGSEND = YES;
				ENABLE_TESTABILITY = YES;
				GCC_C_LANGUAGE_STANDARD = gnu99;
				GCC_DYNAMIC_NO_PIC = NO;
				GCC_NO_COMMON_BLOCKS = YES;
				GCC_OPTIMIZATION_LEVEL = 0;
				GCC_PREPROCESSOR_DEFINITIONS = (
					"DEBUG=1",
					"$(inherited)",
				);
				GCC_WARN_64_TO_32_BIT_CONVERSION = YES;
				GCC_WARN_ABOUT_RETURN_TYPE = YES_ERROR;
				GCC_WARN_UNDECLARED_SELECTOR = YES;
				GCC_WARN_UNINITIALIZED_AUTOS = YES_AGGRESSIVE;
				GCC_WARN_UNUSED_FUNCTION = YES;
				GCC_WARN_UNUSED_VARIABLE = YES;
				IPHONEOS_DEPLOYMENT_TARGET = 10.3;
				MTL_ENABLE_DEBUG_INFO = YES;
				ONLY_ACTIVE_ARCH = YES;
				SDKROOT = iphoneos;
				SWIFT_ACTIVE_COMPILATION_CONDITIONS = DEBUG;
				SWIFT_OPTIMIZATION_LEVEL = "-Onone";
			};
			name = Debug;
		};
		EDF2AAF31F3BBA7900F2DEC5 /* Release */ = {
			isa = XCBuildConfiguration;
			buildSettings = {
				ALWAYS_SEARCH_USER_PATHS = NO;
				CLANG_ANALYZER_NONNULL = YES;
				CLANG_ANALYZER_NUMBER_OBJECT_CONVERSION = YES_AGGRESSIVE;
				CLANG_CXX_LANGUAGE_STANDARD = "gnu++0x";
				CLANG_CXX_LIBRARY = "libc++";
				CLANG_ENABLE_MODULES = YES;
				CLANG_ENABLE_OBJC_ARC = YES;
				CLANG_WARN_BOOL_CONVERSION = YES;
				CLANG_WARN_CONSTANT_CONVERSION = YES;
				CLANG_WARN_DIRECT_OBJC_ISA_USAGE = YES_ERROR;
				CLANG_WARN_DOCUMENTATION_COMMENTS = YES;
				CLANG_WARN_EMPTY_BODY = YES;
				CLANG_WARN_ENUM_CONVERSION = YES;
				CLANG_WARN_INFINITE_RECURSION = YES;
				CLANG_WARN_INT_CONVERSION = YES;
				CLANG_WARN_OBJC_ROOT_CLASS = YES_ERROR;
				CLANG_WARN_SUSPICIOUS_MOVE = YES;
				CLANG_WARN_UNREACHABLE_CODE = YES;
				CLANG_WARN__DUPLICATE_METHOD_MATCH = YES;
				"CODE_SIGN_IDENTITY[sdk=iphoneos*]" = "iPhone Developer";
				COPY_PHASE_STRIP = NO;
				DEBUG_INFORMATION_FORMAT = "dwarf-with-dsym";
				ENABLE_NS_ASSERTIONS = NO;
				ENABLE_STRICT_OBJC_MSGSEND = YES;
				GCC_C_LANGUAGE_STANDARD = gnu99;
				GCC_NO_COMMON_BLOCKS = YES;
				GCC_WARN_64_TO_32_BIT_CONVERSION = YES;
				GCC_WARN_ABOUT_RETURN_TYPE = YES_ERROR;
				GCC_WARN_UNDECLARED_SELECTOR = YES;
				GCC_WARN_UNINITIALIZED_AUTOS = YES_AGGRESSIVE;
				GCC_WARN_UNUSED_FUNCTION = YES;
				GCC_WARN_UNUSED_VARIABLE = YES;
				IPHONEOS_DEPLOYMENT_TARGET = 10.3;
				MTL_ENABLE_DEBUG_INFO = NO;
				SDKROOT = iphoneos;
				SWIFT_OPTIMIZATION_LEVEL = "-Owholemodule";
				VALIDATE_PRODUCT = YES;
			};
			name = Release;
		};
		EDF2AAF51F3BBA7900F2DEC5 /* Debug */ = {
			isa = XCBuildConfiguration;
			baseConfigurationReference = B31C9D007C6C7FC67E8B5E83 /* Pods-Gotham Weather Project.debug.xcconfig */;
			buildSettings = {
				ASSETCATALOG_COMPILER_APPICON_NAME = AppIcon;
				DEVELOPMENT_TEAM = YTB7DJCBLA;
				INFOPLIST_FILE = "Gotham Weather Project/Info.plist";
				LD_RUNPATH_SEARCH_PATHS = "$(inherited) @executable_path/Frameworks";
				PRODUCT_BUNDLE_IDENTIFIER = "com.jason-chan.Gotham-Weather-Project";
				PRODUCT_NAME = "$(TARGET_NAME)";
				SWIFT_VERSION = 3.0;
			};
			name = Debug;
		};
		EDF2AAF61F3BBA7900F2DEC5 /* Release */ = {
			isa = XCBuildConfiguration;
			baseConfigurationReference = 53B97AE0231183C5796DDBA7 /* Pods-Gotham Weather Project.release.xcconfig */;
			buildSettings = {
				ASSETCATALOG_COMPILER_APPICON_NAME = AppIcon;
				DEVELOPMENT_TEAM = YTB7DJCBLA;
				INFOPLIST_FILE = "Gotham Weather Project/Info.plist";
				LD_RUNPATH_SEARCH_PATHS = "$(inherited) @executable_path/Frameworks";
				PRODUCT_BUNDLE_IDENTIFIER = "com.jason-chan.Gotham-Weather-Project";
				PRODUCT_NAME = "$(TARGET_NAME)";
				SWIFT_VERSION = 3.0;
			};
			name = Release;
		};
/* End XCBuildConfiguration section */

/* Begin XCConfigurationList section */
		EDF2AADD1F3BBA7900F2DEC5 /* Build configuration list for PBXProject "Gotham Weather Project" */ = {
			isa = XCConfigurationList;
			buildConfigurations = (
				EDF2AAF21F3BBA7900F2DEC5 /* Debug */,
				EDF2AAF31F3BBA7900F2DEC5 /* Release */,
			);
			defaultConfigurationIsVisible = 0;
			defaultConfigurationName = Release;
		};
		EDF2AAF41F3BBA7900F2DEC5 /* Build configuration list for PBXNativeTarget "Gotham Weather Project" */ = {
			isa = XCConfigurationList;
			buildConfigurations = (
				EDF2AAF51F3BBA7900F2DEC5 /* Debug */,
				EDF2AAF61F3BBA7900F2DEC5 /* Release */,
			);
			defaultConfigurationIsVisible = 0;
			defaultConfigurationName = Release;
		};
/* End XCConfigurationList section */
	};
	rootObject = EDF2AADA1F3BBA7900F2DEC5 /* Project object */;
}
